// !$*UTF8*$!
{
	archiveVersion = 1;
	classes = {
	};
	objectVersion = 48;
	objects = {

/* Begin PBXBuildFile section */
		62A1D6989B4FC61740AF36BA /* Pods_IMDBSearch.framework in Frameworks */ = {isa = PBXBuildFile; fileRef = AF9E66334BF11701BF2510A9 /* Pods_IMDBSearch.framework */; };
		C6449357202073E1005EF4EA /* DetailMovieController.swift in Sources */ = {isa = PBXBuildFile; fileRef = C6449356202073E1005EF4EA /* DetailMovieController.swift */; };
		C644935920207421005EF4EA /* DetailCell.swift in Sources */ = {isa = PBXBuildFile; fileRef = C644935820207421005EF4EA /* DetailCell.swift */; };
		C6810001202218BE006027D1 /* CoreData.framework in Frameworks */ = {isa = PBXBuildFile; fileRef = C6810000202218BE006027D1 /* CoreData.framework */; };
		C68100042022193C006027D1 /* Film+CoreDataClass.swift in Sources */ = {isa = PBXBuildFile; fileRef = C68100022022193C006027D1 /* Film+CoreDataClass.swift */; };
		C68100052022193C006027D1 /* Film+CoreDataProperties.swift in Sources */ = {isa = PBXBuildFile; fileRef = C68100032022193C006027D1 /* Film+CoreDataProperties.swift */; };
		C68100072022327C006027D1 /* CoreDataTableView.swift in Sources */ = {isa = PBXBuildFile; fileRef = C68100062022327C006027D1 /* CoreDataTableView.swift */; };
		C681000920224032006027D1 /* BoolmarksVC.swift in Sources */ = {isa = PBXBuildFile; fileRef = C681000820224032006027D1 /* BoolmarksVC.swift */; };
		C681FFFA20221664006027D1 /* Movie.xcdatamodeld in Sources */ = {isa = PBXBuildFile; fileRef = C681FFF820221664006027D1 /* Movie.xcdatamodeld */; };
		C693174A202086A8000BD3E0 /* MovieDetails.swift in Sources */ = {isa = PBXBuildFile; fileRef = C6931749202086A8000BD3E0 /* MovieDetails.swift */; };
		C6ED0D49201DD489003D7417 /* AppDelegate.swift in Sources */ = {isa = PBXBuildFile; fileRef = C6ED0D48201DD489003D7417 /* AppDelegate.swift */; };
		C6ED0D4B201DD489003D7417 /* MoviesController.swift in Sources */ = {isa = PBXBuildFile; fileRef = C6ED0D4A201DD489003D7417 /* MoviesController.swift */; };
		C6ED0D4E201DD489003D7417 /* Main.storyboard in Resources */ = {isa = PBXBuildFile; fileRef = C6ED0D4C201DD489003D7417 /* Main.storyboard */; };
		C6ED0D50201DD489003D7417 /* Assets.xcassets in Resources */ = {isa = PBXBuildFile; fileRef = C6ED0D4F201DD489003D7417 /* Assets.xcassets */; };
		C6ED0D53201DD489003D7417 /* LaunchScreen.storyboard in Resources */ = {isa = PBXBuildFile; fileRef = C6ED0D51201DD489003D7417 /* LaunchScreen.storyboard */; };
		C6ED0D5C201DD515003D7417 /* Movie.swift in Sources */ = {isa = PBXBuildFile; fileRef = C6ED0D5B201DD515003D7417 /* Movie.swift */; };
		C6ED0D60201DDDCB003D7417 /* Constants.swift in Sources */ = {isa = PBXBuildFile; fileRef = C6ED0D5F201DDDCB003D7417 /* Constants.swift */; };
		C6ED0D62201DF880003D7417 /* MovieCell.swift in Sources */ = {isa = PBXBuildFile; fileRef = C6ED0D61201DF880003D7417 /* MovieCell.swift */; };
/* End PBXBuildFile section */

/* Begin PBXFileReference section */
		6BFD2BD4BF4F778BA9EBC367 /* Pods-IMDBSearch.debug.xcconfig */ = {isa = PBXFileReference; includeInIndex = 1; lastKnownFileType = text.xcconfig; name = "Pods-IMDBSearch.debug.xcconfig"; path = "Pods/Target Support Files/Pods-IMDBSearch/Pods-IMDBSearch.debug.xcconfig"; sourceTree = "<group>"; };
		AF9E66334BF11701BF2510A9 /* Pods_IMDBSearch.framework */ = {isa = PBXFileReference; explicitFileType = wrapper.framework; includeInIndex = 0; path = Pods_IMDBSearch.framework; sourceTree = BUILT_PRODUCTS_DIR; };
		C6449356202073E1005EF4EA /* DetailMovieController.swift */ = {isa = PBXFileReference; lastKnownFileType = sourcecode.swift; path = DetailMovieController.swift; sourceTree = "<group>"; };
		C644935820207421005EF4EA /* DetailCell.swift */ = {isa = PBXFileReference; lastKnownFileType = sourcecode.swift; path = DetailCell.swift; sourceTree = "<group>"; };
		C6810000202218BE006027D1 /* CoreData.framework */ = {isa = PBXFileReference; lastKnownFileType = wrapper.framework; name = CoreData.framework; path = System/Library/Frameworks/CoreData.framework; sourceTree = SDKROOT; };
		C68100022022193C006027D1 /* Film+CoreDataClass.swift */ = {isa = PBXFileReference; lastKnownFileType = sourcecode.swift; path = "Film+CoreDataClass.swift"; sourceTree = "<group>"; };
		C68100032022193C006027D1 /* Film+CoreDataProperties.swift */ = {isa = PBXFileReference; lastKnownFileType = sourcecode.swift; path = "Film+CoreDataProperties.swift"; sourceTree = "<group>"; };
		C68100062022327C006027D1 /* CoreDataTableView.swift */ = {isa = PBXFileReference; lastKnownFileType = sourcecode.swift; path = CoreDataTableView.swift; sourceTree = "<group>"; };
		C681000820224032006027D1 /* BoolmarksVC.swift */ = {isa = PBXFileReference; lastKnownFileType = sourcecode.swift; path = BoolmarksVC.swift; sourceTree = "<group>"; };
		C681FFF920221664006027D1 /* Movie.xcdatamodel */ = {isa = PBXFileReference; lastKnownFileType = wrapper.xcdatamodel; path = Movie.xcdatamodel; sourceTree = "<group>"; };
		C6931749202086A8000BD3E0 /* MovieDetails.swift */ = {isa = PBXFileReference; lastKnownFileType = sourcecode.swift; path = MovieDetails.swift; sourceTree = "<group>"; };
		C6ED0D45201DD489003D7417 /* IMDBSearch.app */ = {isa = PBXFileReference; explicitFileType = wrapper.application; includeInIndex = 0; path = IMDBSearch.app; sourceTree = BUILT_PRODUCTS_DIR; };
		C6ED0D48201DD489003D7417 /* AppDelegate.swift */ = {isa = PBXFileReference; lastKnownFileType = sourcecode.swift; path = AppDelegate.swift; sourceTree = "<group>"; };
		C6ED0D4A201DD489003D7417 /* MoviesController.swift */ = {isa = PBXFileReference; lastKnownFileType = sourcecode.swift; path = MoviesController.swift; sourceTree = "<group>"; };
		C6ED0D4D201DD489003D7417 /* Base */ = {isa = PBXFileReference; lastKnownFileType = file.storyboard; name = Base; path = Base.lproj/Main.storyboard; sourceTree = "<group>"; };
		C6ED0D4F201DD489003D7417 /* Assets.xcassets */ = {isa = PBXFileReference; lastKnownFileType = folder.assetcatalog; path = Assets.xcassets; sourceTree = "<group>"; };
		C6ED0D52201DD489003D7417 /* Base */ = {isa = PBXFileReference; lastKnownFileType = file.storyboard; name = Base; path = Base.lproj/LaunchScreen.storyboard; sourceTree = "<group>"; };
		C6ED0D54201DD489003D7417 /* Info.plist */ = {isa = PBXFileReference; lastKnownFileType = text.plist.xml; path = Info.plist; sourceTree = "<group>"; };
		C6ED0D5B201DD515003D7417 /* Movie.swift */ = {isa = PBXFileReference; lastKnownFileType = sourcecode.swift; path = Movie.swift; sourceTree = "<group>"; };
		C6ED0D5F201DDDCB003D7417 /* Constants.swift */ = {isa = PBXFileReference; lastKnownFileType = sourcecode.swift; path = Constants.swift; sourceTree = "<group>"; };
		C6ED0D61201DF880003D7417 /* MovieCell.swift */ = {isa = PBXFileReference; lastKnownFileType = sourcecode.swift; path = MovieCell.swift; sourceTree = "<group>"; };
		CEC97355ABC911D5BB37AB92 /* Pods-IMDBSearch.release.xcconfig */ = {isa = PBXFileReference; includeInIndex = 1; lastKnownFileType = text.xcconfig; name = "Pods-IMDBSearch.release.xcconfig"; path = "Pods/Target Support Files/Pods-IMDBSearch/Pods-IMDBSearch.release.xcconfig"; sourceTree = "<group>"; };
/* End PBXFileReference section */

/* Begin PBXFrameworksBuildPhase section */
		C6ED0D42201DD489003D7417 /* Frameworks */ = {
			isa = PBXFrameworksBuildPhase;
			buildActionMask = 2147483647;
			files = (
				C6810001202218BE006027D1 /* CoreData.framework in Frameworks */,
				62A1D6989B4FC61740AF36BA /* Pods_IMDBSearch.framework in Frameworks */,
			);
			runOnlyForDeploymentPostprocessing = 0;
		};
/* End PBXFrameworksBuildPhase section */

/* Begin PBXGroup section */
		67584F8FEB25C1E9A10FD0DF /* Pods */ = {
			isa = PBXGroup;
			children = (
				6BFD2BD4BF4F778BA9EBC367 /* Pods-IMDBSearch.debug.xcconfig */,
				CEC97355ABC911D5BB37AB92 /* Pods-IMDBSearch.release.xcconfig */,
			);
			name = Pods;
			sourceTree = "<group>";
		};
		B3692F95B98D79442F881152 /* Frameworks */ = {
			isa = PBXGroup;
			children = (
				C6810000202218BE006027D1 /* CoreData.framework */,
				AF9E66334BF11701BF2510A9 /* Pods_IMDBSearch.framework */,
			);
			name = Frameworks;
			sourceTree = "<group>";
		};
		C681FFFB20221827006027D1 /* Core Data */ = {
			isa = PBXGroup;
			children = (
				C68100022022193C006027D1 /* Film+CoreDataClass.swift */,
				C68100032022193C006027D1 /* Film+CoreDataProperties.swift */,
				C68100062022327C006027D1 /* CoreDataTableView.swift */,
			);
			path = "Core Data";
			sourceTree = "<group>";
		};
		C6ED0D3C201DD489003D7417 = {
			isa = PBXGroup;
			children = (
				C6ED0D47201DD489003D7417 /* IMDBSearch */,
				C6ED0D46201DD489003D7417 /* Products */,
				67584F8FEB25C1E9A10FD0DF /* Pods */,
				B3692F95B98D79442F881152 /* Frameworks */,
			);
			sourceTree = "<group>";
		};
		C6ED0D46201DD489003D7417 /* Products */ = {
			isa = PBXGroup;
			children = (
				C6ED0D45201DD489003D7417 /* IMDBSearch.app */,
			);
			name = Products;
			sourceTree = "<group>";
		};
		C6ED0D47201DD489003D7417 /* IMDBSearch */ = {
			isa = PBXGroup;
			children = (
				C681FFFB20221827006027D1 /* Core Data */,
				C6ED0D5E201DDC93003D7417 /* View */,
				C6ED0D5A201DD4DF003D7417 /* Model */,
				C6ED0D5D201DDC7B003D7417 /* Controller */,
				C6ED0D48201DD489003D7417 /* AppDelegate.swift */,
				C6ED0D5F201DDDCB003D7417 /* Constants.swift */,
				C6ED0D4C201DD489003D7417 /* Main.storyboard */,
				C6ED0D51201DD489003D7417 /* LaunchScreen.storyboard */,
				C6ED0D4F201DD489003D7417 /* Assets.xcassets */,
				C6ED0D54201DD489003D7417 /* Info.plist */,
				C681FFF820221664006027D1 /* Movie.xcdatamodeld */,
			);
			path = IMDBSearch;
			sourceTree = "<group>";
		};
		C6ED0D5A201DD4DF003D7417 /* Model */ = {
			isa = PBXGroup;
			children = (
				C6ED0D5B201DD515003D7417 /* Movie.swift */,
				C6931749202086A8000BD3E0 /* MovieDetails.swift */,
			);
			path = Model;
			sourceTree = "<group>";
		};
		C6ED0D5D201DDC7B003D7417 /* Controller */ = {
			isa = PBXGroup;
			children = (
				C6ED0D4A201DD489003D7417 /* MoviesController.swift */,
				C6449356202073E1005EF4EA /* DetailMovieController.swift */,
				C681000820224032006027D1 /* BoolmarksVC.swift */,
			);
			path = Controller;
			sourceTree = "<group>";
		};
		C6ED0D5E201DDC93003D7417 /* View */ = {
			isa = PBXGroup;
			children = (
				C6ED0D61201DF880003D7417 /* MovieCell.swift */,
				C644935820207421005EF4EA /* DetailCell.swift */,
			);
			path = View;
			sourceTree = "<group>";
		};
/* End PBXGroup section */

/* Begin PBXNativeTarget section */
		C6ED0D44201DD489003D7417 /* IMDBSearch */ = {
			isa = PBXNativeTarget;
			buildConfigurationList = C6ED0D57201DD489003D7417 /* Build configuration list for PBXNativeTarget "IMDBSearch" */;
			buildPhases = (
				C191851C7F3B2714334367C9 /* [CP] Check Pods Manifest.lock */,
				C6ED0D41201DD489003D7417 /* Sources */,
				C6ED0D42201DD489003D7417 /* Frameworks */,
				C6ED0D43201DD489003D7417 /* Resources */,
				E4593DE805FF3531CDED5885 /* [CP] Embed Pods Frameworks */,
				1346243E55ADD9A4A89AC84C /* [CP] Copy Pods Resources */,
			);
			buildRules = (
			);
			dependencies = (
			);
			name = IMDBSearch;
			productName = IMDBSearch;
			productReference = C6ED0D45201DD489003D7417 /* IMDBSearch.app */;
			productType = "com.apple.product-type.application";
		};
/* End PBXNativeTarget section */

/* Begin PBXProject section */
		C6ED0D3D201DD489003D7417 /* Project object */ = {
			isa = PBXProject;
			attributes = {
				LastSwiftUpdateCheck = 0920;
				LastUpgradeCheck = 0920;
				ORGANIZATIONNAME = Chebahatt;
				TargetAttributes = {
					C6ED0D44201DD489003D7417 = {
						CreatedOnToolsVersion = 9.2;
						ProvisioningStyle = Automatic;
					};
				};
			};
			buildConfigurationList = C6ED0D40201DD489003D7417 /* Build configuration list for PBXProject "IMDBSearch" */;
			compatibilityVersion = "Xcode 8.0";
			developmentRegion = en;
			hasScannedForEncodings = 0;
			knownRegions = (
				en,
				Base,
			);
			mainGroup = C6ED0D3C201DD489003D7417;
			productRefGroup = C6ED0D46201DD489003D7417 /* Products */;
			projectDirPath = "";
			projectRoot = "";
			targets = (
				C6ED0D44201DD489003D7417 /* IMDBSearch */,
			);
		};
/* End PBXProject section */

/* Begin PBXResourcesBuildPhase section */
		C6ED0D43201DD489003D7417 /* Resources */ = {
			isa = PBXResourcesBuildPhase;
			buildActionMask = 2147483647;
			files = (
				C6ED0D53201DD489003D7417 /* LaunchScreen.storyboard in Resources */,
				C6ED0D50201DD489003D7417 /* Assets.xcassets in Resources */,
				C6ED0D4E201DD489003D7417 /* Main.storyboard in Resources */,
			);
			runOnlyForDeploymentPostprocessing = 0;
		};
/* End PBXResourcesBuildPhase section */

/* Begin PBXShellScriptBuildPhase section */
		1346243E55ADD9A4A89AC84C /* [CP] Copy Pods Resources */ = {
			isa = PBXShellScriptBuildPhase;
			buildActionMask = 2147483647;
			files = (
			);
			inputPaths = (
			);
			name = "[CP] Copy Pods Resources";
			outputPaths = (
			);
			runOnlyForDeploymentPostprocessing = 0;
			shellPath = /bin/sh;
			shellScript = "\"${SRCROOT}/Pods/Target Support Files/Pods-IMDBSearch/Pods-IMDBSearch-resources.sh\"\n";
			showEnvVarsInLog = 0;
		};
		C191851C7F3B2714334367C9 /* [CP] Check Pods Manifest.lock */ = {
			isa = PBXShellScriptBuildPhase;
			buildActionMask = 2147483647;
			files = (
			);
			inputPaths = (
				"${PODS_PODFILE_DIR_PATH}/Podfile.lock",
				"${PODS_ROOT}/Manifest.lock",
			);
			name = "[CP] Check Pods Manifest.lock";
			outputPaths = (
				"$(DERIVED_FILE_DIR)/Pods-IMDBSearch-checkManifestLockResult.txt",
			);
			runOnlyForDeploymentPostprocessing = 0;
			shellPath = /bin/sh;
			shellScript = "diff \"${PODS_PODFILE_DIR_PATH}/Podfile.lock\" \"${PODS_ROOT}/Manifest.lock\" > /dev/null\nif [ $? != 0 ] ; then\n    # print error to STDERR\n    echo \"error: The sandbox is not in sync with the Podfile.lock. Run 'pod install' or update your CocoaPods installation.\" >&2\n    exit 1\nfi\n# This output is used by Xcode 'outputs' to avoid re-running this script phase.\necho \"SUCCESS\" > \"${SCRIPT_OUTPUT_FILE_0}\"\n";
			showEnvVarsInLog = 0;
		};
		E4593DE805FF3531CDED5885 /* [CP] Embed Pods Frameworks */ = {
			isa = PBXShellScriptBuildPhase;
			buildActionMask = 2147483647;
			files = (
			);
			inputPaths = (
				"${SRCROOT}/Pods/Target Support Files/Pods-IMDBSearch/Pods-IMDBSearch-frameworks.sh",
				"${BUILT_PRODUCTS_DIR}/Alamofire/Alamofire.framework",
				"${BUILT_PRODUCTS_DIR}/AlamofireImage/AlamofireImage.framework",
			);
			name = "[CP] Embed Pods Frameworks";
			outputPaths = (
				"${TARGET_BUILD_DIR}/${FRAMEWORKS_FOLDER_PATH}/Alamofire.framework",
				"${TARGET_BUILD_DIR}/${FRAMEWORKS_FOLDER_PATH}/AlamofireImage.framework",
			);
			runOnlyForDeploymentPostprocessing = 0;
			shellPath = /bin/sh;
			shellScript = "\"${SRCROOT}/Pods/Target Support Files/Pods-IMDBSearch/Pods-IMDBSearch-frameworks.sh\"\n";
			showEnvVarsInLog = 0;
		};
/* End PBXShellScriptBuildPhase section */

/* Begin PBXSourcesBuildPhase section */
		C6ED0D41201DD489003D7417 /* Sources */ = {
			isa = PBXSourcesBuildPhase;
			buildActionMask = 2147483647;
			files = (
				C68100072022327C006027D1 /* CoreDataTableView.swift in Sources */,
				C6ED0D4B201DD489003D7417 /* MoviesController.swift in Sources */,
				C6449357202073E1005EF4EA /* DetailMovieController.swift in Sources */,
				C6ED0D49201DD489003D7417 /* AppDelegate.swift in Sources */,
				C693174A202086A8000BD3E0 /* MovieDetails.swift in Sources */,
				C681000920224032006027D1 /* BoolmarksVC.swift in Sources */,
				C6ED0D5C201DD515003D7417 /* Movie.swift in Sources */,
				C6ED0D62201DF880003D7417 /* MovieCell.swift in Sources */,
				C644935920207421005EF4EA /* DetailCell.swift in Sources */,
				C68100052022193C006027D1 /* Film+CoreDataProperties.swift in Sources */,
				C681FFFA20221664006027D1 /* Movie.xcdatamodeld in Sources */,
				C6ED0D60201DDDCB003D7417 /* Constants.swift in Sources */,
				C68100042022193C006027D1 /* Film+CoreDataClass.swift in Sources */,
			);
			runOnlyForDeploymentPostprocessing = 0;
		};
/* End PBXSourcesBuildPhase section */

/* Begin PBXVariantGroup section */
		C6ED0D4C201DD489003D7417 /* Main.storyboard */ = {
			isa = PBXVariantGroup;
			children = (
				C6ED0D4D201DD489003D7417 /* Base */,
			);
			name = Main.storyboard;
			sourceTree = "<group>";
		};
		C6ED0D51201DD489003D7417 /* LaunchScreen.storyboard */ = {
			isa = PBXVariantGroup;
			children = (
				C6ED0D52201DD489003D7417 /* Base */,
			);
			name = LaunchScreen.storyboard;
			sourceTree = "<group>";
		};
/* End PBXVariantGroup section */

/* Begin XCBuildConfiguration section */
		C6ED0D55201DD489003D7417 /* Debug */ = {
			isa = XCBuildConfiguration;
			buildSettings = {
				ALWAYS_SEARCH_USER_PATHS = NO;
				CLANG_ANALYZER_NONNULL = YES;
				CLANG_ANALYZER_NUMBER_OBJECT_CONVERSION = YES_AGGRESSIVE;
				CLANG_CXX_LANGUAGE_STANDARD = "gnu++14";
				CLANG_CXX_LIBRARY = "libc++";
				CLANG_ENABLE_MODULES = YES;
				CLANG_ENABLE_OBJC_ARC = YES;
				CLANG_WARN_BLOCK_CAPTURE_AUTORELEASING = YES;
				CLANG_WARN_BOOL_CONVERSION = YES;
				CLANG_WARN_COMMA = YES;
				CLANG_WARN_CONSTANT_CONVERSION = YES;
				CLANG_WARN_DIRECT_OBJC_ISA_USAGE = YES_ERROR;
				CLANG_WARN_DOCUMENTATION_COMMENTS = YES;
				CLANG_WARN_EMPTY_BODY = YES;
				CLANG_WARN_ENUM_CONVERSION = YES;
				CLANG_WARN_INFINITE_RECURSION = YES;
				CLANG_WARN_INT_CONVERSION = YES;
				CLANG_WARN_NON_LITERAL_NULL_CONVERSION = YES;
				CLANG_WARN_OBJC_LITERAL_CONVERSION = YES;
				CLANG_WARN_OBJC_ROOT_CLASS = YES_ERROR;
				CLANG_WARN_RANGE_LOOP_ANALYSIS = YES;
				CLANG_WARN_STRICT_PROTOTYPES = YES;
				CLANG_WARN_SUSPICIOUS_MOVE = YES;
				CLANG_WARN_UNGUARDED_AVAILABILITY = YES_AGGRESSIVE;
				CLANG_WARN_UNREACHABLE_CODE = YES;
				CLANG_WARN__DUPLICATE_METHOD_MATCH = YES;
				CODE_SIGN_IDENTITY = "iPhone Developer";
				COPY_PHASE_STRIP = NO;
				DEBUG_INFORMATION_FORMAT = dwarf;
				ENABLE_STRICT_OBJC_MSGSEND = YES;
				ENABLE_TESTABILITY = YES;
				GCC_C_LANGUAGE_STANDARD = gnu11;
				GCC_DYNAMIC_NO_PIC = NO;
				GCC_NO_COMMON_BLOCKS = YES;
				GCC_OPTIMIZATION_LEVEL = 0;
				GCC_PREPROCESSOR_DEFINITIONS = (
					"DEBUG=1",
					"$(inherited)",
				);
				GCC_WARN_64_TO_32_BIT_CONVERSION = YES;
				GCC_WARN_ABOUT_RETURN_TYPE = YES_ERROR;
				GCC_WARN_UNDECLARED_SELECTOR = YES;
				GCC_WARN_UNINITIALIZED_AUTOS = YES_AGGRESSIVE;
				GCC_WARN_UNUSED_FUNCTION = YES;
				GCC_WARN_UNUSED_VARIABLE = YES;
				IPHONEOS_DEPLOYMENT_TARGET = 11.2;
				MTL_ENABLE_DEBUG_INFO = YES;
				ONLY_ACTIVE_ARCH = YES;
				SDKROOT = iphoneos;
				SWIFT_ACTIVE_COMPILATION_CONDITIONS = DEBUG;
				SWIFT_OPTIMIZATION_LEVEL = "-Onone";
			};
			name = Debug;
		};
		C6ED0D56201DD489003D7417 /* Release */ = {
			isa = XCBuildConfiguration;
			buildSettings = {
				ALWAYS_SEARCH_USER_PATHS = NO;
				CLANG_ANALYZER_NONNULL = YES;
				CLANG_ANALYZER_NUMBER_OBJECT_CONVERSION = YES_AGGRESSIVE;
				CLANG_CXX_LANGUAGE_STANDARD = "gnu++14";
				CLANG_CXX_LIBRARY = "libc++";
				CLANG_ENABLE_MODULES = YES;
				CLANG_ENABLE_OBJC_ARC = YES;
				CLANG_WARN_BLOCK_CAPTURE_AUTORELEASING = YES;
				CLANG_WARN_BOOL_CONVERSION = YES;
				CLANG_WARN_COMMA = YES;
				CLANG_WARN_CONSTANT_CONVERSION = YES;
				CLANG_WARN_DIRECT_OBJC_ISA_USAGE = YES_ERROR;
				CLANG_WARN_DOCUMENTATION_COMMENTS = YES;
				CLANG_WARN_EMPTY_BODY = YES;
				CLANG_WARN_ENUM_CONVERSION = YES;
				CLANG_WARN_INFINITE_RECURSION = YES;
				CLANG_WARN_INT_CONVERSION = YES;
				CLANG_WARN_NON_LITERAL_NULL_CONVERSION = YES;
				CLANG_WARN_OBJC_LITERAL_CONVERSION = YES;
				CLANG_WARN_OBJC_ROOT_CLASS = YES_ERROR;
				CLANG_WARN_RANGE_LOOP_ANALYSIS = YES;
				CLANG_WARN_STRICT_PROTOTYPES = YES;
				CLANG_WARN_SUSPICIOUS_MOVE = YES;
				CLANG_WARN_UNGUARDED_AVAILABILITY = YES_AGGRESSIVE;
				CLANG_WARN_UNREACHABLE_CODE = YES;
				CLANG_WARN__DUPLICATE_METHOD_MATCH = YES;
				CODE_SIGN_IDENTITY = "iPhone Developer";
				COPY_PHASE_STRIP = NO;
				DEBUG_INFORMATION_FORMAT = "dwarf-with-dsym";
				ENABLE_NS_ASSERTIONS = NO;
				ENABLE_STRICT_OBJC_MSGSEND = YES;
				GCC_C_LANGUAGE_STANDARD = gnu11;
				GCC_NO_COMMON_BLOCKS = YES;
				GCC_WARN_64_TO_32_BIT_CONVERSION = YES;
				GCC_WARN_ABOUT_RETURN_TYPE = YES_ERROR;
				GCC_WARN_UNDECLARED_SELECTOR = YES;
				GCC_WARN_UNINITIALIZED_AUTOS = YES_AGGRESSIVE;
				GCC_WARN_UNUSED_FUNCTION = YES;
				GCC_WARN_UNUSED_VARIABLE = YES;
				IPHONEOS_DEPLOYMENT_TARGET = 11.2;
				MTL_ENABLE_DEBUG_INFO = NO;
				SDKROOT = iphoneos;
				SWIFT_OPTIMIZATION_LEVEL = "-Owholemodule";
				VALIDATE_PRODUCT = YES;
			};
			name = Release;
		};
		C6ED0D58201DD489003D7417 /* Debug */ = {
			isa = XCBuildConfiguration;
			baseConfigurationReference = 6BFD2BD4BF4F778BA9EBC367 /* Pods-IMDBSearch.debug.xcconfig */;
			buildSettings = {
				ASSETCATALOG_COMPILER_APPICON_NAME = AppIcon;
				CODE_SIGN_STYLE = Automatic;
				DEVELOPMENT_TEAM = 8LJGXZ9C93;
				INFOPLIST_FILE = IMDBSearch/Info.plist;
				LD_RUNPATH_SEARCH_PATHS = "$(inherited) @executable_path/Frameworks";
				PRODUCT_BUNDLE_IDENTIFIER = Chebahatt.IMDBSearch;
				PRODUCT_NAME = "$(TARGET_NAME)";
				SWIFT_VERSION = 4.0;
				TARGETED_DEVICE_FAMILY = "1,2";
			};
			name = Debug;
		};
		C6ED0D59201DD489003D7417 /* Release */ = {
			isa = XCBuildConfiguration;
			baseConfigurationReference = CEC97355ABC911D5BB37AB92 /* Pods-IMDBSearch.release.xcconfig */;
			buildSettings = {
				ASSETCATALOG_COMPILER_APPICON_NAME = AppIcon;
				CODE_SIGN_STYLE = Automatic;
				DEVELOPMENT_TEAM = 8LJGXZ9C93;
				INFOPLIST_FILE = IMDBSearch/Info.plist;
				LD_RUNPATH_SEARCH_PATHS = "$(inherited) @executable_path/Frameworks";
				PRODUCT_BUNDLE_IDENTIFIER = Chebahatt.IMDBSearch;
				PRODUCT_NAME = "$(TARGET_NAME)";
				SWIFT_VERSION = 4.0;
				TARGETED_DEVICE_FAMILY = "1,2";
			};
			name = Release;
		};
/* End XCBuildConfiguration section */

/* Begin XCConfigurationList section */
		C6ED0D40201DD489003D7417 /* Build configuration list for PBXProject "IMDBSearch" */ = {
			isa = XCConfigurationList;
			buildConfigurations = (
				C6ED0D55201DD489003D7417 /* Debug */,
				C6ED0D56201DD489003D7417 /* Release */,
			);
			defaultConfigurationIsVisible = 0;
			defaultConfigurationName = Release;
		};
		C6ED0D57201DD489003D7417 /* Build configuration list for PBXNativeTarget "IMDBSearch" */ = {
			isa = XCConfigurationList;
			buildConfigurations = (
				C6ED0D58201DD489003D7417 /* Debug */,
				C6ED0D59201DD489003D7417 /* Release */,
			);
			defaultConfigurationIsVisible = 0;
			defaultConfigurationName = Release;
		};
/* End XCConfigurationList section */

/* Begin XCVersionGroup section */
		C681FFF820221664006027D1 /* Movie.xcdatamodeld */ = {
			isa = XCVersionGroup;
			children = (
				C681FFF920221664006027D1 /* Movie.xcdatamodel */,
			);
			currentVersion = C681FFF920221664006027D1 /* Movie.xcdatamodel */;
			path = Movie.xcdatamodeld;
			sourceTree = "<group>";
			versionGroupType = wrapper.xcdatamodel;
		};
/* End XCVersionGroup section */
	};
	rootObject = C6ED0D3D201DD489003D7417 /* Project object */;
}
